
Microsoft Visual Studio Solution File, Format Version 12.00
# Visual Studio 15
VisualStudioVersion = 15.0.28010.2003
MinimumVisualStudioVersion = 10.0.40219.1
Project("{FAE04EC0-301F-11D3-BF4B-00C04F79EFBC}") = "thetime", "thetime\thetime.csproj", "{AAF9BCD7-07BE-4640-A497-6FA2A25E6516}"
EndProject
Project("{E53339B2-1760-4266-BCC7-CA923CBCF16C}") = "docker-compose", "docker-compose.dcproj", "{3791740E-879E-4F04-92EB-E03C92EEC538}"
EndProject
Global
	GlobalSection(SolutionConfigurationPlatforms) = preSolution
		Debug|Any CPU = Debug|Any CPU
		Release|Any CPU = Release|Any CPU
	EndGlobalSection
	GlobalSection(ProjectConfigurationPlatforms) = postSolution
		{AAF9BCD7-07BE-4640-A497-6FA2A25E6516}.Debug|Any CPU.ActiveCfg = Debug|Any CPU
		{AAF9BCD7-07BE-4640-A497-6FA2A25E6516}.Debug|Any CPU.Build.0 = Debug|Any CPU
		{AAF9BCD7-07BE-4640-A497-6FA2A25E6516}.Release|Any CPU.ActiveCfg = Release|Any CPU
		{AAF9BCD7-07BE-4640-A497-6FA2A25E6516}.Release|Any CPU.Build.0 = Release|Any CPU
		{3791740E-879E-4F04-92EB-E03C92EEC538}.Debug|Any CPU.ActiveCfg = Debug|Any CPU
		{3791740E-879E-4F04-92EB-E03C92EEC538}.Debug|Any CPU.Build.0 = Debug|Any CPU
		{3791740E-879E-4F04-92EB-E03C92EEC538}.Release|Any CPU.ActiveCfg = Release|Any CPU
		{3791740E-879E-4F04-92EB-E03C92EEC538}.Release|Any CPU.Build.0 = Release|Any CPU
	EndGlobalSection
	GlobalSection(SolutionProperties) = preSolution
		HideSolutionNode = FALSE
	EndGlobalSection
	GlobalSection(ExtensibilityGlobals) = postSolution
		SolutionGuid = {0B71C12A-D68C-4BB3-B1C4-DDFFF2E31686}
	EndGlobalSection
EndGlobal
